{
  "name": "create-electron-vite-tailwindcss",
  "version": "1.1.1",
  "lockfileVersion": 3,
  "requires": true,
  "packages": {
    "": {
      "name": "create-electron-vite-tailwindcss",
      "version": "1.1.1",
      "bin": {
        "create-electron-vite-tailwindcss": "bin/cli.js"
      },
      "engines": {
        "node": ">=18.0.0"
      }
    }
  }
}
